
Microsoft Visual Studio Solution File, Format Version 12.00
# Visual Studio Version 16
VisualStudioVersion = 16.0.29102.190
MinimumVisualStudioVersion = 10.0.40219.1
Project("{2150E333-8FDC-42A3-9474-1A3956D46DE8}") = "1 - Domain", "1 - Domain", "{863688FA-11AB-4978-AD0A-BD697A13C03F}"
EndProject
Project("{2150E333-8FDC-42A3-9474-1A3956D46DE8}") = "2 - Business", "2 - Business", "{A3D1F7A8-1C05-4267-BFE9-37989238403B}"
EndProject
Project("{2150E333-8FDC-42A3-9474-1A3956D46DE8}") = "3 - Presentation", "3 - Presentation", "{C7DB5D05-8B4F-4612-AD94-620C4AE1A80A}"
EndProject
Project("{9A19103F-16F7-4668-BE54-9A1E7A4F7556}") = "bS.Sked2.Service", "bS.Sked2.Service\bS.Sked2.Service.csproj", "{1F41B95A-F4F1-4AD2-882F-575A174CF039}"
EndProject
Project("{9A19103F-16F7-4668-BE54-9A1E7A4F7556}") = "bS.Sked2.Model", "bS.Sked2.Model\bS.Sked2.Model.csproj", "{F23D2854-FABF-4EAA-BF9F-1DABB8E048E8}"
EndProject
Project("{2150E333-8FDC-42A3-9474-1A3956D46DE8}") = "4 - Extensions", "4 - Extensions", "{2A151980-F16A-493C-A0F0-B6E15D1A2E93}"
EndProject
Project("{9A19103F-16F7-4668-BE54-9A1E7A4F7556}") = "bS.Sked2.Engine", "bS.Sked2.Engine\bS.Sked2.Engine.csproj", "{E7EA10B9-5C5B-4E02-91D2-795B04D84DB5}"
EndProject
Project("{9A19103F-16F7-4668-BE54-9A1E7A4F7556}") = "bS.Sked2.Extensions.Common", "bS.Sked2.Extensions.Common\bS.Sked2.Extensions.Common.csproj", "{7212C57D-01A0-416C-9F08-AF339386BED6}"
EndProject
Project("{9A19103F-16F7-4668-BE54-9A1E7A4F7556}") = "bS.Sked2.Structure", "bS.Sked2.Structure\bS.Sked2.Structure.csproj", "{C1DA41FD-9535-4A7A-AD4E-31EE4EC0663D}"
EndProject
Project("{9A19103F-16F7-4668-BE54-9A1E7A4F7556}") = "bS.Sked2.Main", "bS.Sked2.Main\bS.Sked2.Main.csproj", "{EFE3C67B-67E1-4D08-8AEE-180F81C4661B}"
EndProject
Project("{9A19103F-16F7-4668-BE54-9A1E7A4F7556}") = "bS.Sked2.ServiceTests", "bS.Sked2.ServiceTests\bS.Sked2.ServiceTests.csproj", "{54BA288F-0F82-46B9-9FE5-394343EDB6EF}"
EndProject
Project("{2150E333-8FDC-42A3-9474-1A3956D46DE8}") = "5 - Tests", "5 - Tests", "{A679E3A5-85C1-4821-94B1-4640FB1D0844}"
EndProject
Project("{9A19103F-16F7-4668-BE54-9A1E7A4F7556}") = "bS.Sked2.Shared", "bS.Sked2.Shared\bS.Sked2.Shared.csproj", "{4BC8F2C8-D55E-4944-B1AB-EAE28C7660FD}"
EndProject
Project("{9A19103F-16F7-4668-BE54-9A1E7A4F7556}") = "bS.Sked2.EngineTests", "bS.Sked2.EngineTests\bS.Sked2.EngineTests.csproj", "{FFC774BE-E164-4C52-8338-DE4CA2AB66D4}"
EndProject
Project("{9A19103F-16F7-4668-BE54-9A1E7A4F7556}") = "bS.Sked2.EntityTests", "bS.Sked2.EntityTests\bS.Sked2.EntityTests.csproj", "{C25D7C52-C8AE-4F16-B1BD-D5D0024E33D1}"
EndProject
Project("{9A19103F-16F7-4668-BE54-9A1E7A4F7556}") = "bS.Sked2.EngineService", "bS.Sked2.EngineService\bS.Sked2.EngineService.csproj", "{A0D0B86A-3AA5-459A-B341-7F1A883091D8}"
EndProject
Project("{9A19103F-16F7-4668-BE54-9A1E7A4F7556}") = "bS.Sked2.StructureTests", "bS.Sked2.StructureTests\bS.Sked2.StructureTests.csproj", "{4DE9A447-871B-4F5E-B206-70CC760F1778}"
EndProject
Project("{FAE04EC0-301F-11D3-BF4B-00C04F79EFBC}") = "bS.Sked2.WebManagementConsole", "bS.Sked2.WebManagementConsole\bS.Sked2.WebManagementConsole.csproj", "{FC8C15E7-EDC2-4840-AFDE-5898C6458760}"
EndProject
Global
	GlobalSection(SolutionConfigurationPlatforms) = preSolution
		Debug|Any CPU = Debug|Any CPU
		Release|Any CPU = Release|Any CPU
	EndGlobalSection
	GlobalSection(ProjectConfigurationPlatforms) = postSolution
		{1F41B95A-F4F1-4AD2-882F-575A174CF039}.Debug|Any CPU.ActiveCfg = Debug|Any CPU
		{1F41B95A-F4F1-4AD2-882F-575A174CF039}.Debug|Any CPU.Build.0 = Debug|Any CPU
		{1F41B95A-F4F1-4AD2-882F-575A174CF039}.Release|Any CPU.ActiveCfg = Release|Any CPU
		{1F41B95A-F4F1-4AD2-882F-575A174CF039}.Release|Any CPU.Build.0 = Release|Any CPU
		{F23D2854-FABF-4EAA-BF9F-1DABB8E048E8}.Debug|Any CPU.ActiveCfg = Debug|Any CPU
		{F23D2854-FABF-4EAA-BF9F-1DABB8E048E8}.Debug|Any CPU.Build.0 = Debug|Any CPU
		{F23D2854-FABF-4EAA-BF9F-1DABB8E048E8}.Release|Any CPU.ActiveCfg = Release|Any CPU
		{F23D2854-FABF-4EAA-BF9F-1DABB8E048E8}.Release|Any CPU.Build.0 = Release|Any CPU
		{E7EA10B9-5C5B-4E02-91D2-795B04D84DB5}.Debug|Any CPU.ActiveCfg = Debug|Any CPU
		{E7EA10B9-5C5B-4E02-91D2-795B04D84DB5}.Debug|Any CPU.Build.0 = Debug|Any CPU
		{E7EA10B9-5C5B-4E02-91D2-795B04D84DB5}.Release|Any CPU.ActiveCfg = Release|Any CPU
		{E7EA10B9-5C5B-4E02-91D2-795B04D84DB5}.Release|Any CPU.Build.0 = Release|Any CPU
		{7212C57D-01A0-416C-9F08-AF339386BED6}.Debug|Any CPU.ActiveCfg = Debug|Any CPU
		{7212C57D-01A0-416C-9F08-AF339386BED6}.Debug|Any CPU.Build.0 = Debug|Any CPU
		{7212C57D-01A0-416C-9F08-AF339386BED6}.Release|Any CPU.ActiveCfg = Release|Any CPU
		{7212C57D-01A0-416C-9F08-AF339386BED6}.Release|Any CPU.Build.0 = Release|Any CPU
		{C1DA41FD-9535-4A7A-AD4E-31EE4EC0663D}.Debug|Any CPU.ActiveCfg = Debug|Any CPU
		{C1DA41FD-9535-4A7A-AD4E-31EE4EC0663D}.Debug|Any CPU.Build.0 = Debug|Any CPU
		{C1DA41FD-9535-4A7A-AD4E-31EE4EC0663D}.Release|Any CPU.ActiveCfg = Release|Any CPU
		{C1DA41FD-9535-4A7A-AD4E-31EE4EC0663D}.Release|Any CPU.Build.0 = Release|Any CPU
		{EFE3C67B-67E1-4D08-8AEE-180F81C4661B}.Debug|Any CPU.ActiveCfg = Debug|Any CPU
		{EFE3C67B-67E1-4D08-8AEE-180F81C4661B}.Debug|Any CPU.Build.0 = Debug|Any CPU
		{EFE3C67B-67E1-4D08-8AEE-180F81C4661B}.Release|Any CPU.ActiveCfg = Release|Any CPU
		{EFE3C67B-67E1-4D08-8AEE-180F81C4661B}.Release|Any CPU.Build.0 = Release|Any CPU
		{54BA288F-0F82-46B9-9FE5-394343EDB6EF}.Debug|Any CPU.ActiveCfg = Debug|Any CPU
		{54BA288F-0F82-46B9-9FE5-394343EDB6EF}.Debug|Any CPU.Build.0 = Debug|Any CPU
		{54BA288F-0F82-46B9-9FE5-394343EDB6EF}.Release|Any CPU.ActiveCfg = Release|Any CPU
		{54BA288F-0F82-46B9-9FE5-394343EDB6EF}.Release|Any CPU.Build.0 = Release|Any CPU
		{4BC8F2C8-D55E-4944-B1AB-EAE28C7660FD}.Debug|Any CPU.ActiveCfg = Debug|Any CPU
		{4BC8F2C8-D55E-4944-B1AB-EAE28C7660FD}.Debug|Any CPU.Build.0 = Debug|Any CPU
		{4BC8F2C8-D55E-4944-B1AB-EAE28C7660FD}.Release|Any CPU.ActiveCfg = Release|Any CPU
		{4BC8F2C8-D55E-4944-B1AB-EAE28C7660FD}.Release|Any CPU.Build.0 = Release|Any CPU
		{FFC774BE-E164-4C52-8338-DE4CA2AB66D4}.Debug|Any CPU.ActiveCfg = Debug|Any CPU
		{FFC774BE-E164-4C52-8338-DE4CA2AB66D4}.Debug|Any CPU.Build.0 = Debug|Any CPU
		{FFC774BE-E164-4C52-8338-DE4CA2AB66D4}.Release|Any CPU.ActiveCfg = Release|Any CPU
		{FFC774BE-E164-4C52-8338-DE4CA2AB66D4}.Release|Any CPU.Build.0 = Release|Any CPU
		{C25D7C52-C8AE-4F16-B1BD-D5D0024E33D1}.Debug|Any CPU.ActiveCfg = Debug|Any CPU
		{C25D7C52-C8AE-4F16-B1BD-D5D0024E33D1}.Debug|Any CPU.Build.0 = Debug|Any CPU
		{C25D7C52-C8AE-4F16-B1BD-D5D0024E33D1}.Release|Any CPU.ActiveCfg = Release|Any CPU
		{C25D7C52-C8AE-4F16-B1BD-D5D0024E33D1}.Release|Any CPU.Build.0 = Release|Any CPU
		{A0D0B86A-3AA5-459A-B341-7F1A883091D8}.Debug|Any CPU.ActiveCfg = Debug|Any CPU
		{A0D0B86A-3AA5-459A-B341-7F1A883091D8}.Debug|Any CPU.Build.0 = Debug|Any CPU
		{A0D0B86A-3AA5-459A-B341-7F1A883091D8}.Release|Any CPU.ActiveCfg = Release|Any CPU
		{A0D0B86A-3AA5-459A-B341-7F1A883091D8}.Release|Any CPU.Build.0 = Release|Any CPU
		{4DE9A447-871B-4F5E-B206-70CC760F1778}.Debug|Any CPU.ActiveCfg = Debug|Any CPU
		{4DE9A447-871B-4F5E-B206-70CC760F1778}.Debug|Any CPU.Build.0 = Debug|Any CPU
		{4DE9A447-871B-4F5E-B206-70CC760F1778}.Release|Any CPU.ActiveCfg = Release|Any CPU
		{4DE9A447-871B-4F5E-B206-70CC760F1778}.Release|Any CPU.Build.0 = Release|Any CPU
		{FC8C15E7-EDC2-4840-AFDE-5898C6458760}.Debug|Any CPU.ActiveCfg = Debug|Any CPU
		{FC8C15E7-EDC2-4840-AFDE-5898C6458760}.Debug|Any CPU.Build.0 = Debug|Any CPU
		{FC8C15E7-EDC2-4840-AFDE-5898C6458760}.Release|Any CPU.ActiveCfg = Release|Any CPU
		{FC8C15E7-EDC2-4840-AFDE-5898C6458760}.Release|Any CPU.Build.0 = Release|Any CPU
	EndGlobalSection
	GlobalSection(SolutionProperties) = preSolution
		HideSolutionNode = FALSE
	EndGlobalSection
	GlobalSection(NestedProjects) = preSolution
		{1F41B95A-F4F1-4AD2-882F-575A174CF039} = {A3D1F7A8-1C05-4267-BFE9-37989238403B}
		{F23D2854-FABF-4EAA-BF9F-1DABB8E048E8} = {863688FA-11AB-4978-AD0A-BD697A13C03F}
		{E7EA10B9-5C5B-4E02-91D2-795B04D84DB5} = {A3D1F7A8-1C05-4267-BFE9-37989238403B}
		{7212C57D-01A0-416C-9F08-AF339386BED6} = {2A151980-F16A-493C-A0F0-B6E15D1A2E93}
		{C1DA41FD-9535-4A7A-AD4E-31EE4EC0663D} = {863688FA-11AB-4978-AD0A-BD697A13C03F}
		{EFE3C67B-67E1-4D08-8AEE-180F81C4661B} = {C7DB5D05-8B4F-4612-AD94-620C4AE1A80A}
		{54BA288F-0F82-46B9-9FE5-394343EDB6EF} = {A679E3A5-85C1-4821-94B1-4640FB1D0844}
		{4BC8F2C8-D55E-4944-B1AB-EAE28C7660FD} = {A3D1F7A8-1C05-4267-BFE9-37989238403B}
		{FFC774BE-E164-4C52-8338-DE4CA2AB66D4} = {A679E3A5-85C1-4821-94B1-4640FB1D0844}
		{C25D7C52-C8AE-4F16-B1BD-D5D0024E33D1} = {A679E3A5-85C1-4821-94B1-4640FB1D0844}
		{A0D0B86A-3AA5-459A-B341-7F1A883091D8} = {C7DB5D05-8B4F-4612-AD94-620C4AE1A80A}
		{4DE9A447-871B-4F5E-B206-70CC760F1778} = {A679E3A5-85C1-4821-94B1-4640FB1D0844}
		{FC8C15E7-EDC2-4840-AFDE-5898C6458760} = {C7DB5D05-8B4F-4612-AD94-620C4AE1A80A}
	EndGlobalSection
	GlobalSection(ExtensibilityGlobals) = postSolution
		SolutionGuid = {A94D725F-CE8D-4304-AC56-6F6BBC01E002}
	EndGlobalSection
EndGlobal
