
Microsoft Visual Studio Solution File, Format Version 12.00
# Visual Studio Version 16
VisualStudioVersion = 16.0.29102.190
MinimumVisualStudioVersion = 10.0.40219.1
Project("{FAE04EC0-301F-11D3-BF4B-00C04F79EFBC}") = "bS.Sked2.CompositionRoot", "bS.Sked2.CompositionRoot\bS.Sked2.CompositionRoot.csproj", "{17C4D5BB-A9F6-4BDE-8CDD-2BA14E3B9FC5}"
EndProject
Project("{FAE04EC0-301F-11D3-BF4B-00C04F79EFBC}") = "bS.Sked2.Main", "bS.Sked2.Main\bS.Sked2.Main.csproj", "{B3973EB4-75D1-4143-8C04-A175A1008881}"
EndProject
Project("{FAE04EC0-301F-11D3-BF4B-00C04F79EFBC}") = "bS.Sked2.CompositionRoot.Interfaces", "bS.Sked2.CompositionRoot.Interfaces\bS.Sked2.CompositionRoot.Interfaces.csproj", "{7F8FBCFF-DD4E-4E52-B043-913CDE972A6F}"
EndProject
Project("{FAE04EC0-301F-11D3-BF4B-00C04F79EFBC}") = "bS.Sked2.Model.Interfaces", "bS.Sked2.Model.Interfaces\bS.Sked2.Model.Interfaces.csproj", "{059B61D8-720B-489A-86DF-569BB11C249A}"
EndProject
Project("{2150E333-8FDC-42A3-9474-1A3956D46DE8}") = "1 - Domain", "1 - Domain", "{863688FA-11AB-4978-AD0A-BD697A13C03F}"
EndProject
Project("{2150E333-8FDC-42A3-9474-1A3956D46DE8}") = "2 - Business", "2 - Business", "{A3D1F7A8-1C05-4267-BFE9-37989238403B}"
EndProject
Project("{2150E333-8FDC-42A3-9474-1A3956D46DE8}") = "3 - Presentation", "3 - Presentation", "{C7DB5D05-8B4F-4612-AD94-620C4AE1A80A}"
EndProject
Project("{FAE04EC0-301F-11D3-BF4B-00C04F79EFBC}") = "bS.Sked2.Repository.Interfaces", "bS.Sked2.Repository.Interfaces\bS.Sked2.Repository.Interfaces.csproj", "{EF132731-3F14-4E6D-A4DD-06F503010A96}"
EndProject
Project("{FAE04EC0-301F-11D3-BF4B-00C04F79EFBC}") = "bS.Sked2.Service.Interfaces", "bS.Sked2.Service.Interfaces\bS.Sked2.Service.Interfaces.csproj", "{D15B42FB-378B-44E0-BD6A-FCEDEF31C85B}"
EndProject
Project("{FAE04EC0-301F-11D3-BF4B-00C04F79EFBC}") = "bS.Sked2.Service", "bS.Sked2.Service\bS.Sked2.Service.csproj", "{1F41B95A-F4F1-4AD2-882F-575A174CF039}"
EndProject
Project("{FAE04EC0-301F-11D3-BF4B-00C04F79EFBC}") = "bS.Sked2.Model", "bS.Sked2.Model\bS.Sked2.Model.csproj", "{F23D2854-FABF-4EAA-BF9F-1DABB8E048E8}"
EndProject
Project("{FAE04EC0-301F-11D3-BF4B-00C04F79EFBC}") = "bS.Sked2.Repository", "bS.Sked2.Repository\bS.Sked2.Repository.csproj", "{B7A3E747-B0EC-4BDD-AE08-1507A75BF3EC}"
EndProject
Project("{2150E333-8FDC-42A3-9474-1A3956D46DE8}") = "4 -Modules", "4 -Modules", "{2A151980-F16A-493C-A0F0-B6E15D1A2E93}"
EndProject
Project("{FAE04EC0-301F-11D3-BF4B-00C04F79EFBC}") = "bS.Sked2.Module.Common", "bS.Sked2.Module.Common\bS.Sked2.Module.Common.csproj", "{DC6D41B3-64D4-40E2-96EA-2BFDF1CD129E}"
EndProject
Project("{FAE04EC0-301F-11D3-BF4B-00C04F79EFBC}") = "bS.Sked2.Module.Interfaces", "bS.Sked2.Module.Interfaces\bS.Sked2.Module.Interfaces.csproj", "{53F2AA5E-77DE-451B-9CB6-41D46B9CC83A}"
EndProject
Project("{FAE04EC0-301F-11D3-BF4B-00C04F79EFBC}") = "bS.Sked2.Mapping.Interfaces", "bS.Sked2.Mapping.Interfaces\bS.Sked2.Mapping.Interfaces.csproj", "{56912835-AA7B-4FE9-8568-EB2F1ADCFA88}"
EndProject
Project("{FAE04EC0-301F-11D3-BF4B-00C04F79EFBC}") = "bS.Sked2.Mapping", "bS.Sked2.Mapping\bS.Sked2.Mapping.csproj", "{5C5CB967-949F-4C1A-A1FC-33DA88335CCF}"
EndProject
Project("{FAE04EC0-301F-11D3-BF4B-00C04F79EFBC}") = "bS.Sked2.ViewModel.Interfaces", "bS.Sked2.ViewModel.Interfaces\bS.Sked2.ViewModel.Interfaces.csproj", "{B7D31F22-C0FE-4A0C-9B0A-3490D11DEDC5}"
EndProject
Project("{FAE04EC0-301F-11D3-BF4B-00C04F79EFBC}") = "bS.Sked2.DtoModel.Interfaces", "bS.Sked2.DtoModel.Interfaces\bS.Sked2.DtoModel.Interfaces.csproj", "{624CDF09-8AA5-494E-A94B-C743F764852B}"
EndProject
Project("{FAE04EC0-301F-11D3-BF4B-00C04F79EFBC}") = "bS.Sked2.Engine.Interfaces", "bS.Sked2.Engine.Interfaces\bS.Sked2.Engine.Interfaces.csproj", "{CC8E760D-903E-4B02-9E08-34D249C8DCF6}"
EndProject
Project("{FAE04EC0-301F-11D3-BF4B-00C04F79EFBC}") = "bS.Sked2.DtoModel", "bS.Sked2.DtoModel\bS.Sked2.DtoModel.csproj", "{B5B392C1-CABE-4803-B2DB-4EDA6F785FDF}"
EndProject
Project("{FAE04EC0-301F-11D3-BF4B-00C04F79EFBC}") = "bS.Sked2.Engine", "bS.Sked2.Engine\bS.Sked2.Engine.csproj", "{E7EA10B9-5C5B-4E02-91D2-795B04D84DB5}"
EndProject
Project("{FAE04EC0-301F-11D3-BF4B-00C04F79EFBC}") = "bS.Sked2.ViewModel", "bS.Sked2.ViewModel\bS.Sked2.ViewModel.csproj", "{B13E9C5D-911D-4F25-978D-D885C049463C}"
EndProject
Project("{FAE04EC0-301F-11D3-BF4B-00C04F79EFBC}") = "bS.Sked2.Module", "bS.Sked2.Module\bS.Sked2.Module.csproj", "{1024D005-003B-42F7-B27C-1A34C2A1B3A4}"
EndProject
Global
	GlobalSection(SolutionConfigurationPlatforms) = preSolution
		Debug|Any CPU = Debug|Any CPU
		Release|Any CPU = Release|Any CPU
	EndGlobalSection
	GlobalSection(ProjectConfigurationPlatforms) = postSolution
		{17C4D5BB-A9F6-4BDE-8CDD-2BA14E3B9FC5}.Debug|Any CPU.ActiveCfg = Debug|Any CPU
		{17C4D5BB-A9F6-4BDE-8CDD-2BA14E3B9FC5}.Debug|Any CPU.Build.0 = Debug|Any CPU
		{17C4D5BB-A9F6-4BDE-8CDD-2BA14E3B9FC5}.Release|Any CPU.ActiveCfg = Release|Any CPU
		{17C4D5BB-A9F6-4BDE-8CDD-2BA14E3B9FC5}.Release|Any CPU.Build.0 = Release|Any CPU
		{B3973EB4-75D1-4143-8C04-A175A1008881}.Debug|Any CPU.ActiveCfg = Debug|Any CPU
		{B3973EB4-75D1-4143-8C04-A175A1008881}.Debug|Any CPU.Build.0 = Debug|Any CPU
		{B3973EB4-75D1-4143-8C04-A175A1008881}.Release|Any CPU.ActiveCfg = Release|Any CPU
		{B3973EB4-75D1-4143-8C04-A175A1008881}.Release|Any CPU.Build.0 = Release|Any CPU
		{7F8FBCFF-DD4E-4E52-B043-913CDE972A6F}.Debug|Any CPU.ActiveCfg = Debug|Any CPU
		{7F8FBCFF-DD4E-4E52-B043-913CDE972A6F}.Debug|Any CPU.Build.0 = Debug|Any CPU
		{7F8FBCFF-DD4E-4E52-B043-913CDE972A6F}.Release|Any CPU.ActiveCfg = Release|Any CPU
		{7F8FBCFF-DD4E-4E52-B043-913CDE972A6F}.Release|Any CPU.Build.0 = Release|Any CPU
		{059B61D8-720B-489A-86DF-569BB11C249A}.Debug|Any CPU.ActiveCfg = Debug|Any CPU
		{059B61D8-720B-489A-86DF-569BB11C249A}.Debug|Any CPU.Build.0 = Debug|Any CPU
		{059B61D8-720B-489A-86DF-569BB11C249A}.Release|Any CPU.ActiveCfg = Release|Any CPU
		{059B61D8-720B-489A-86DF-569BB11C249A}.Release|Any CPU.Build.0 = Release|Any CPU
		{EF132731-3F14-4E6D-A4DD-06F503010A96}.Debug|Any CPU.ActiveCfg = Debug|Any CPU
		{EF132731-3F14-4E6D-A4DD-06F503010A96}.Debug|Any CPU.Build.0 = Debug|Any CPU
		{EF132731-3F14-4E6D-A4DD-06F503010A96}.Release|Any CPU.ActiveCfg = Release|Any CPU
		{EF132731-3F14-4E6D-A4DD-06F503010A96}.Release|Any CPU.Build.0 = Release|Any CPU
		{D15B42FB-378B-44E0-BD6A-FCEDEF31C85B}.Debug|Any CPU.ActiveCfg = Debug|Any CPU
		{D15B42FB-378B-44E0-BD6A-FCEDEF31C85B}.Debug|Any CPU.Build.0 = Debug|Any CPU
		{D15B42FB-378B-44E0-BD6A-FCEDEF31C85B}.Release|Any CPU.ActiveCfg = Release|Any CPU
		{D15B42FB-378B-44E0-BD6A-FCEDEF31C85B}.Release|Any CPU.Build.0 = Release|Any CPU
		{1F41B95A-F4F1-4AD2-882F-575A174CF039}.Debug|Any CPU.ActiveCfg = Debug|Any CPU
		{1F41B95A-F4F1-4AD2-882F-575A174CF039}.Debug|Any CPU.Build.0 = Debug|Any CPU
		{1F41B95A-F4F1-4AD2-882F-575A174CF039}.Release|Any CPU.ActiveCfg = Release|Any CPU
		{1F41B95A-F4F1-4AD2-882F-575A174CF039}.Release|Any CPU.Build.0 = Release|Any CPU
		{F23D2854-FABF-4EAA-BF9F-1DABB8E048E8}.Debug|Any CPU.ActiveCfg = Debug|Any CPU
		{F23D2854-FABF-4EAA-BF9F-1DABB8E048E8}.Debug|Any CPU.Build.0 = Debug|Any CPU
		{F23D2854-FABF-4EAA-BF9F-1DABB8E048E8}.Release|Any CPU.ActiveCfg = Release|Any CPU
		{F23D2854-FABF-4EAA-BF9F-1DABB8E048E8}.Release|Any CPU.Build.0 = Release|Any CPU
		{B7A3E747-B0EC-4BDD-AE08-1507A75BF3EC}.Debug|Any CPU.ActiveCfg = Debug|Any CPU
		{B7A3E747-B0EC-4BDD-AE08-1507A75BF3EC}.Debug|Any CPU.Build.0 = Debug|Any CPU
		{B7A3E747-B0EC-4BDD-AE08-1507A75BF3EC}.Release|Any CPU.ActiveCfg = Release|Any CPU
		{B7A3E747-B0EC-4BDD-AE08-1507A75BF3EC}.Release|Any CPU.Build.0 = Release|Any CPU
		{DC6D41B3-64D4-40E2-96EA-2BFDF1CD129E}.Debug|Any CPU.ActiveCfg = Debug|Any CPU
		{DC6D41B3-64D4-40E2-96EA-2BFDF1CD129E}.Debug|Any CPU.Build.0 = Debug|Any CPU
		{DC6D41B3-64D4-40E2-96EA-2BFDF1CD129E}.Release|Any CPU.ActiveCfg = Release|Any CPU
		{DC6D41B3-64D4-40E2-96EA-2BFDF1CD129E}.Release|Any CPU.Build.0 = Release|Any CPU
		{53F2AA5E-77DE-451B-9CB6-41D46B9CC83A}.Debug|Any CPU.ActiveCfg = Debug|Any CPU
		{53F2AA5E-77DE-451B-9CB6-41D46B9CC83A}.Debug|Any CPU.Build.0 = Debug|Any CPU
		{53F2AA5E-77DE-451B-9CB6-41D46B9CC83A}.Release|Any CPU.ActiveCfg = Release|Any CPU
		{53F2AA5E-77DE-451B-9CB6-41D46B9CC83A}.Release|Any CPU.Build.0 = Release|Any CPU
		{56912835-AA7B-4FE9-8568-EB2F1ADCFA88}.Debug|Any CPU.ActiveCfg = Debug|Any CPU
		{56912835-AA7B-4FE9-8568-EB2F1ADCFA88}.Debug|Any CPU.Build.0 = Debug|Any CPU
		{56912835-AA7B-4FE9-8568-EB2F1ADCFA88}.Release|Any CPU.ActiveCfg = Release|Any CPU
		{56912835-AA7B-4FE9-8568-EB2F1ADCFA88}.Release|Any CPU.Build.0 = Release|Any CPU
		{5C5CB967-949F-4C1A-A1FC-33DA88335CCF}.Debug|Any CPU.ActiveCfg = Debug|Any CPU
		{5C5CB967-949F-4C1A-A1FC-33DA88335CCF}.Debug|Any CPU.Build.0 = Debug|Any CPU
		{5C5CB967-949F-4C1A-A1FC-33DA88335CCF}.Release|Any CPU.ActiveCfg = Release|Any CPU
		{5C5CB967-949F-4C1A-A1FC-33DA88335CCF}.Release|Any CPU.Build.0 = Release|Any CPU
		{B7D31F22-C0FE-4A0C-9B0A-3490D11DEDC5}.Debug|Any CPU.ActiveCfg = Debug|Any CPU
		{B7D31F22-C0FE-4A0C-9B0A-3490D11DEDC5}.Debug|Any CPU.Build.0 = Debug|Any CPU
		{B7D31F22-C0FE-4A0C-9B0A-3490D11DEDC5}.Release|Any CPU.ActiveCfg = Release|Any CPU
		{B7D31F22-C0FE-4A0C-9B0A-3490D11DEDC5}.Release|Any CPU.Build.0 = Release|Any CPU
		{624CDF09-8AA5-494E-A94B-C743F764852B}.Debug|Any CPU.ActiveCfg = Debug|Any CPU
		{624CDF09-8AA5-494E-A94B-C743F764852B}.Debug|Any CPU.Build.0 = Debug|Any CPU
		{624CDF09-8AA5-494E-A94B-C743F764852B}.Release|Any CPU.ActiveCfg = Release|Any CPU
		{624CDF09-8AA5-494E-A94B-C743F764852B}.Release|Any CPU.Build.0 = Release|Any CPU
		{CC8E760D-903E-4B02-9E08-34D249C8DCF6}.Debug|Any CPU.ActiveCfg = Debug|Any CPU
		{CC8E760D-903E-4B02-9E08-34D249C8DCF6}.Debug|Any CPU.Build.0 = Debug|Any CPU
		{CC8E760D-903E-4B02-9E08-34D249C8DCF6}.Release|Any CPU.ActiveCfg = Release|Any CPU
		{CC8E760D-903E-4B02-9E08-34D249C8DCF6}.Release|Any CPU.Build.0 = Release|Any CPU
		{B5B392C1-CABE-4803-B2DB-4EDA6F785FDF}.Debug|Any CPU.ActiveCfg = Debug|Any CPU
		{B5B392C1-CABE-4803-B2DB-4EDA6F785FDF}.Debug|Any CPU.Build.0 = Debug|Any CPU
		{B5B392C1-CABE-4803-B2DB-4EDA6F785FDF}.Release|Any CPU.ActiveCfg = Release|Any CPU
		{B5B392C1-CABE-4803-B2DB-4EDA6F785FDF}.Release|Any CPU.Build.0 = Release|Any CPU
		{E7EA10B9-5C5B-4E02-91D2-795B04D84DB5}.Debug|Any CPU.ActiveCfg = Debug|Any CPU
		{E7EA10B9-5C5B-4E02-91D2-795B04D84DB5}.Debug|Any CPU.Build.0 = Debug|Any CPU
		{E7EA10B9-5C5B-4E02-91D2-795B04D84DB5}.Release|Any CPU.ActiveCfg = Release|Any CPU
		{E7EA10B9-5C5B-4E02-91D2-795B04D84DB5}.Release|Any CPU.Build.0 = Release|Any CPU
		{B13E9C5D-911D-4F25-978D-D885C049463C}.Debug|Any CPU.ActiveCfg = Debug|Any CPU
		{B13E9C5D-911D-4F25-978D-D885C049463C}.Debug|Any CPU.Build.0 = Debug|Any CPU
		{B13E9C5D-911D-4F25-978D-D885C049463C}.Release|Any CPU.ActiveCfg = Release|Any CPU
		{B13E9C5D-911D-4F25-978D-D885C049463C}.Release|Any CPU.Build.0 = Release|Any CPU
		{1024D005-003B-42F7-B27C-1A34C2A1B3A4}.Debug|Any CPU.ActiveCfg = Debug|Any CPU
		{1024D005-003B-42F7-B27C-1A34C2A1B3A4}.Debug|Any CPU.Build.0 = Debug|Any CPU
		{1024D005-003B-42F7-B27C-1A34C2A1B3A4}.Release|Any CPU.ActiveCfg = Release|Any CPU
		{1024D005-003B-42F7-B27C-1A34C2A1B3A4}.Release|Any CPU.Build.0 = Release|Any CPU
	EndGlobalSection
	GlobalSection(SolutionProperties) = preSolution
		HideSolutionNode = FALSE
	EndGlobalSection
	GlobalSection(NestedProjects) = preSolution
		{17C4D5BB-A9F6-4BDE-8CDD-2BA14E3B9FC5} = {A3D1F7A8-1C05-4267-BFE9-37989238403B}
		{B3973EB4-75D1-4143-8C04-A175A1008881} = {C7DB5D05-8B4F-4612-AD94-620C4AE1A80A}
		{7F8FBCFF-DD4E-4E52-B043-913CDE972A6F} = {A3D1F7A8-1C05-4267-BFE9-37989238403B}
		{059B61D8-720B-489A-86DF-569BB11C249A} = {863688FA-11AB-4978-AD0A-BD697A13C03F}
		{EF132731-3F14-4E6D-A4DD-06F503010A96} = {863688FA-11AB-4978-AD0A-BD697A13C03F}
		{D15B42FB-378B-44E0-BD6A-FCEDEF31C85B} = {A3D1F7A8-1C05-4267-BFE9-37989238403B}
		{1F41B95A-F4F1-4AD2-882F-575A174CF039} = {A3D1F7A8-1C05-4267-BFE9-37989238403B}
		{F23D2854-FABF-4EAA-BF9F-1DABB8E048E8} = {863688FA-11AB-4978-AD0A-BD697A13C03F}
		{B7A3E747-B0EC-4BDD-AE08-1507A75BF3EC} = {863688FA-11AB-4978-AD0A-BD697A13C03F}
		{DC6D41B3-64D4-40E2-96EA-2BFDF1CD129E} = {2A151980-F16A-493C-A0F0-B6E15D1A2E93}
		{53F2AA5E-77DE-451B-9CB6-41D46B9CC83A} = {A3D1F7A8-1C05-4267-BFE9-37989238403B}
		{56912835-AA7B-4FE9-8568-EB2F1ADCFA88} = {A3D1F7A8-1C05-4267-BFE9-37989238403B}
		{5C5CB967-949F-4C1A-A1FC-33DA88335CCF} = {A3D1F7A8-1C05-4267-BFE9-37989238403B}
		{B7D31F22-C0FE-4A0C-9B0A-3490D11DEDC5} = {863688FA-11AB-4978-AD0A-BD697A13C03F}
		{624CDF09-8AA5-494E-A94B-C743F764852B} = {863688FA-11AB-4978-AD0A-BD697A13C03F}
		{CC8E760D-903E-4B02-9E08-34D249C8DCF6} = {A3D1F7A8-1C05-4267-BFE9-37989238403B}
		{B5B392C1-CABE-4803-B2DB-4EDA6F785FDF} = {863688FA-11AB-4978-AD0A-BD697A13C03F}
		{E7EA10B9-5C5B-4E02-91D2-795B04D84DB5} = {A3D1F7A8-1C05-4267-BFE9-37989238403B}
		{B13E9C5D-911D-4F25-978D-D885C049463C} = {863688FA-11AB-4978-AD0A-BD697A13C03F}
		{1024D005-003B-42F7-B27C-1A34C2A1B3A4} = {A3D1F7A8-1C05-4267-BFE9-37989238403B}
	EndGlobalSection
	GlobalSection(ExtensibilityGlobals) = postSolution
		SolutionGuid = {A94D725F-CE8D-4304-AC56-6F6BBC01E002}
	EndGlobalSection
EndGlobal
